
Microsoft Visual Studio Solution File, Format Version 12.00
# Visual Studio Version 17
VisualStudioVersion = 17.14.36408.4 d17.14
MinimumVisualStudioVersion = 10.0.40219.1
Project("{FAE04EC0-301F-11D3-BF4B-00C04F79EFBC}") = "LignageApp", "LignageApp.csproj", "{2CE76B6B-C47C-F5B2-FFA5-83EC4FFEC417}"
EndProject
Global
	GlobalSection(SolutionConfigurationPlatforms) = preSolution
		Debug|Any CPU = Debug|Any CPU
		Release|Any CPU = Release|Any CPU
	EndGlobalSection
	GlobalSection(ProjectConfigurationPlatforms) = postSolution
		{2CE76B6B-C47C-F5B2-FFA5-83EC4FFEC417}.Debug|Any CPU.ActiveCfg = Debug|Any CPU
		{2CE76B6B-C47C-F5B2-FFA5-83EC4FFEC417}.Debug|Any CPU.Build.0 = Debug|Any CPU
		{2CE76B6B-C47C-F5B2-FFA5-83EC4FFEC417}.Release|Any CPU.ActiveCfg = Release|Any CPU
		{2CE76B6B-C47C-F5B2-FFA5-83EC4FFEC417}.Release|Any CPU.Build.0 = Release|Any CPU
	EndGlobalSection
	GlobalSection(SolutionProperties) = preSolution
		HideSolutionNode = FALSE
	EndGlobalSection
	GlobalSection(ExtensibilityGlobals) = postSolution
		SolutionGuid = {88CC64FC-53BD-4C1A-8501-7271FDA32890}
	EndGlobalSection
EndGlobal
